<?xml version="1.0" encoding="utf-8"?>
<Project ToolsVersion="4.0" xmlns="http://schemas.microsoft.com/developer/msbuild/2003">
  <ItemGroup>
    <Filter Include="Source Files">
      <UniqueIdentifier>{4FC737F1-C7A5-4376-A066-2A32D752A2FF}</UniqueIdentifier>
      <Extensions>cpp;c;cc;cxx;def;odl;idl;hpj;bat;asm;asmx</Extensions>
    </Filter>
    <Filter Include="Header Files">
      <UniqueIdentifier>{93995380-89BD-4b04-88EB-625FBE52EBFB}</UniqueIdentifier>
      <Extensions>h;hh;hpp;hxx;hm;inl;inc;ipp;xsd</Extensions>
    </Filter>
    <Filter Include="Resource Files">
      <UniqueIdentifier>{67DA6AB6-F800-4c08-8B7A-83BB121AAD01}</UniqueIdentifier>
      <Extensions>rc;ico;cur;bmp;dlg;rc2;rct;bin;rgs;gif;jpg;jpeg;jpe;resx;tiff;tif;png;wav;mfcribbon-ms</Extensions>
    </Filter>
  </ItemGroup>
  <ItemGroup>
    <ClCompile Include="main.cpp">
      <Filter>Source Files</Filter>
    </ClCompile>
    <ClCompile Include="Workflow\LogoutWorkflow\LogoutWorkflow.cpp">
      <Filter>Source Files</Filter>
    </ClCompile>
    <ClCompile Include="Workflow\LoginWorkflow\LoginWorkflow.cpp">
      <Filter>Source Files</Filter>
    </ClCompile>
    <ClCompile Include="Workflow\ValidateInput\ValidateInputWorkFlow.cpp">
      <Filter>Source Files</Filter>
    </ClCompile>
    <ClCompile Include="Workflow\DecentralizeWorkflow\DecentralizeWorkflow.cpp">
      <Filter>Source Files</Filter>
    </ClCompile>
    <ClCompile Include="Admin\Admin.cpp">
      <Filter>Source Files</Filter>
    </ClCompile>
    <ClCompile Include="Bus\Bus.cpp">
      <Filter>Source Files</Filter>
    </ClCompile>
    <ClCompile Include="Driver\Driver.cpp">
      <Filter>Source Files</Filter>
    </ClCompile>
    <ClCompile Include="Information\Information.cpp">
      <Filter>Source Files</Filter>
    </ClCompile>
    <ClCompile Include="Menu\Menu.cpp">
      <Filter>Source Files</Filter>
    </ClCompile>
    <ClCompile Include="Passenger\Passenger.cpp">
      <Filter>Source Files</Filter>
    </ClCompile>
    <ClCompile Include="Ticket\StoreTicket.cpp">
      <Filter>Source Files</Filter>
    </ClCompile>
    <ClCompile Include="Ticket\Ticket.cpp">
      <Filter>Source Files</Filter>
    </ClCompile>
    <ClCompile Include="User\User.cpp">
      <Filter>Source Files</Filter>
    </ClCompile>
    <ClCompile Include="Menu\MenuView.cpp">
      <Filter>Source Files</Filter>
    </ClCompile>
    <ClCompile Include="Announcement.cpp">
      <Filter>Source Files</Filter>
    </ClCompile>
    <ClCompile Include="Graphic.cpp">
      <Filter>Source Files</Filter>
    </ClCompile>
  </ItemGroup>
  <ItemGroup>
    <ClInclude Include="Header.h">
      <Filter>Header Files</Filter>
    </ClInclude>
    <ClInclude Include="List.h">
      <Filter>Header Files</Filter>
    </ClInclude>
    <ClInclude Include="..\Library\Tokenizer.h">
      <Filter>Header Files</Filter>
    </ClInclude>
    <ClInclude Include="..\Library\LocalStorage.h">
      <Filter>Header Files</Filter>
    </ClInclude>
    <ClInclude Include="..\Library\StdFormat.h">
      <Filter>Header Files</Filter>
    </ClInclude>
    <ClInclude Include="Workflow\LogoutWorkflow\LogoutWorkflow.h">
      <Filter>Header Files</Filter>
    </ClInclude>
    <ClInclude Include="Workflow\LoginWorkflow\LoginWorkflow.h">
      <Filter>Header Files</Filter>
    </ClInclude>
    <ClInclude Include="Workflow\ValidateInput\ValidateInputWorkflow.h">
      <Filter>Header Files</Filter>
    </ClInclude>
    <ClInclude Include="Workflow\DecentralizeWorkflow\DecentralizeWorkflow.h">
      <Filter>Header Files</Filter>
    </ClInclude>
    <ClInclude Include="Admin\Admin.h">
      <Filter>Header Files</Filter>
    </ClInclude>
    <ClInclude Include="Bus\Bus.h">
      <Filter>Header Files</Filter>
    </ClInclude>
    <ClInclude Include="Driver\Driver.h">
      <Filter>Header Files</Filter>
    </ClInclude>
    <ClInclude Include="Information\Information.h">
      <Filter>Header Files</Filter>
    </ClInclude>
    <ClInclude Include="Menu\Menu.h">
      <Filter>Header Files</Filter>
    </ClInclude>
    <ClInclude Include="Passenger\Passenger.h">
      <Filter>Header Files</Filter>
    </ClInclude>
    <ClInclude Include="Ticket\StoreTicket.h">
      <Filter>Header Files</Filter>
    </ClInclude>
    <ClInclude Include="Ticket\Ticket.h">
      <Filter>Header Files</Filter>
    </ClInclude>
    <ClInclude Include="User\User.h">
      <Filter>Header Files</Filter>
    </ClInclude>
    <ClInclude Include="Menu\MenuView.h">
      <Filter>Header Files</Filter>
    </ClInclude>
    <ClInclude Include="..\Library\Date.h">
      <Filter>Header Files</Filter>
    </ClInclude>
    <ClInclude Include="Announcement.h">
      <Filter>Header Files</Filter>
    </ClInclude>
    <ClInclude Include="Graphic.h">
      <Filter>Header Files</Filter>
    </ClInclude>
  </ItemGroup>
  <ItemGroup>
    <Library Include="..\Library\My-Library.lib" />
  </ItemGroup>
</Project>